
Microsoft Visual Studio Solution File, Format Version 12.00
# Visual Studio Version 17
VisualStudioVersion = 17.8.34601.278
MinimumVisualStudioVersion = 10.0.40219.1
Project("{FAE04EC0-301F-11D3-BF4B-00C04F79EFBC}") = "LoginApp", "LoginApp\LoginApp.csproj", "{19F2A1CB-208B-4E2B-9400-8D40E6922D41}"
EndProject
Global
	GlobalSection(SolutionConfigurationPlatforms) = preSolution
		Debug|Any CPU = Debug|Any CPU
		Release|Any CPU = Release|Any CPU
	EndGlobalSection
	GlobalSection(ProjectConfigurationPlatforms) = postSolution
		{19F2A1CB-208B-4E2B-9400-8D40E6922D41}.Debug|Any CPU.ActiveCfg = Debug|Any CPU
		{19F2A1CB-208B-4E2B-9400-8D40E6922D41}.Debug|Any CPU.Build.0 = Debug|Any CPU
		{19F2A1CB-208B-4E2B-9400-8D40E6922D41}.Release|Any CPU.ActiveCfg = Release|Any CPU
		{19F2A1CB-208B-4E2B-9400-8D40E6922D41}.Release|Any CPU.Build.0 = Release|Any CPU
	EndGlobalSection
	GlobalSection(SolutionProperties) = preSolution
		HideSolutionNode = FALSE
	EndGlobalSection
	GlobalSection(ExtensibilityGlobals) = postSolution
		SolutionGuid = {C033ECC3-5F11-4A84-8B48-5DA2369C0FA5}
	EndGlobalSection
EndGlobal
